
Microsoft Visual Studio Solution File, Format Version 12.00
# Visual Studio Version 17
VisualStudioVersion = 17.2.32630.192
MinimumVisualStudioVersion = 10.0.40219.1
Project("{9A19103F-16F7-4668-BE54-9A1E7A4F7556}") = "ClassGenerator", "ClassGenerator\ClassGenerator.csproj", "{5A3C6BA9-EF27-43ED-ABB1-5EF01606DEAE}"
EndProject
Global
	GlobalSection(SolutionConfigurationPlatforms) = preSolution
		Debug|Any CPU = Debug|Any CPU
		Release|Any CPU = Release|Any CPU
	EndGlobalSection
	GlobalSection(ProjectConfigurationPlatforms) = postSolution
		{5A3C6BA9-EF27-43ED-ABB1-5EF01606DEAE}.Debug|Any CPU.ActiveCfg = Debug|Any CPU
		{5A3C6BA9-EF27-43ED-ABB1-5EF01606DEAE}.Debug|Any CPU.Build.0 = Debug|Any CPU
		{5A3C6BA9-EF27-43ED-ABB1-5EF01606DEAE}.Release|Any CPU.ActiveCfg = Release|Any CPU
		{5A3C6BA9-EF27-43ED-ABB1-5EF01606DEAE}.Release|Any CPU.Build.0 = Release|Any CPU
	EndGlobalSection
	GlobalSection(SolutionProperties) = preSolution
		HideSolutionNode = FALSE
	EndGlobalSection
	GlobalSection(ExtensibilityGlobals) = postSolution
		SolutionGuid = {99359341-3044-4F98-A28C-7F5530FC0951}
	EndGlobalSection
EndGlobal
